{
    "name": "wasi-kernel",
    "version": "0.1.0",
    "lockfileVersion": 3,
    "requires": true,
    "packages": {
        "": {
            "name": "wasi-kernel",
            "version": "0.1.0",
            "devDependencies": {
                "@types/node": "^22.10.2",
                "@types/web": "^0.0.350"
            }
        },
        "../../../Web.Kremlin": {
            "name": "nwjs-kremlin",
            "version": "0.1.1",
            "extraneous": true,
            "license": "MIT",
            "dependencies": {
                "acorn": "^8.7.1",
                "acorn-globals": "github:corwin-of-amber/acorn-globals",
                "acorn-loose": "^8.3.0",
                "acorn-walk": "^8.2.0",
                "chokidar": "^3.4.1",
                "coffeescript": "^2.5.1",
                "commander": "^6.0.0",
                "find-up": "^4.1.0",
                "glob": "^7.1.6",
                "jison": "^0.4.18",
                "jquery": "^3.5.1",
                "livescript": "^1.6.0",
                "lodash": "^4.17.19",
                "mkdirp": "^1.0.4",
                "nanoid": "^3.1.22",
                "nearley": "^2.19.5",
                "parse5": "^6.0.0",
                "postcss": "^8.4.12",
                "prelude-ls": "^1.2.1",
                "resolve.exports": "^2.0.2",
                "sass": "^1.52.3",
                "strip-comments": "^2.0.1",
                "typescript": "^4.8.4",
                "underscore": "^1.10.2",
                "walk-parse5": "^2.0.0",
                "which": "^2.0.2",
                "zone.js": "^0.11.4"
            },
            "bin": {
                "kremlin": "build/kremlin/cli.js"
            },
            "devDependencies": {
                "@types/jquery": "^3.5.0",
                "@types/lodash": "^4.14.158",
                "@types/minimatch": "^3.0.5",
                "@types/mkdirp": "^1.0.1",
                "@types/node": "^20.14.10",
                "@types/parse5": "^5.0.3",
                "tsx": "^4.17.0"
            }
        },
        "../packages/wasmer-js": {
            "name": "@wasmer/sdk",
            "version": "0.8.0",
            "extraneous": true,
            "license": "MIT",
            "devDependencies": {
                "@babel/preset-env": "^7.23.3",
                "@esm-bundle/chai": "^4.3.4-fix.0",
                "@rollup/plugin-alias": "^5.1.0",
                "@rollup/plugin-commonjs": "^26.0.1",
                "@rollup/plugin-json": "^6.1.0",
                "@rollup/plugin-node-resolve": "^15.2.3",
                "@rollup/plugin-replace": "^5.0.7",
                "@rollup/plugin-terser": "^0.4.4",
                "@rollup/plugin-typescript": "^11.1.5",
                "@rollup/plugin-wasm": "^6.2.2",
                "@types/mocha": "^10.0.7",
                "@web/dev-server-esbuild": "^1.0.1",
                "@web/test-runner": "^0.18.0",
                "dotenv": "^16.4.5",
                "prettier": "^3.1.0",
                "rimraf": "^5.0.5",
                "rollup": "^4.19.2",
                "rollup-plugin-copy": "^3.5.0",
                "rollup-plugin-dts": "^6.1.1",
                "rollup-plugin-esbuild": "^6.1.1",
                "rollup-plugin-typescript2": "^0.36.0",
                "typedoc": "^0.25.4",
                "typescript": "^5.3.3"
            }
        },
        "node_modules/@types/node": {
            "version": "22.10.2",
            "resolved": "https://registry.npmjs.org/@types/node/-/node-22.10.2.tgz",
            "integrity": "sha512-Xxr6BBRCAOQixvonOye19wnzyDiUtTeqldOOmj3CkeblonbccA12PFwlufvRdrpjXxqnmUaeiU5EOA+7s5diUQ==",
            "dev": true,
            "license": "MIT",
            "dependencies": {
                "undici-types": "~6.20.0"
            }
        },
        "node_modules/@types/web": {
            "version": "0.0.350",
            "resolved": "https://registry.npmjs.org/@types/web/-/web-0.0.350.tgz",
            "integrity": "sha512-XFISASo1wPsKKtI5v1nJ51YuZYkjUE9kduDFpfHCOKEMbHtRLHX0k3V3bpBeQx2L1VvcxTIECHvC3r3Rfmu0YA==",
            "dev": true,
            "license": "Apache-2.0"
        },
        "node_modules/undici-types": {
            "version": "6.20.0",
            "resolved": "https://registry.npmjs.org/undici-types/-/undici-types-6.20.0.tgz",
            "integrity": "sha512-Ny6QZ2Nju20vw1SRHe3d9jVu6gJ+4e3+MMpqu7pqE5HT6WsTSlce++GQmK5UXS8mzV8DSYHrQH+Xrf2jVcuKNg==",
            "dev": true,
            "license": "MIT"
        }
    }
}
